
Microsoft Visual Studio Solution File, Format Version 12.00
Project("{FAE04EC0-301F-11D3-BF4B-00C04F79EFBC}") = "LabUno", "LabUno\LabUno.csproj", "{18793117-F034-4E56-9279-7BEF145227FB}"
EndProject
Project("{FAE04EC0-301F-11D3-BF4B-00C04F79EFBC}") = "LabDos", "..\LabDos\LabDos\LabDos.csproj", "{12027D0A-19B2-49A6-9A86-2CE23A335E3C}"
EndProject
Project("{FAE04EC0-301F-11D3-BF4B-00C04F79EFBC}") = "LabTres", "..\LabTres\LabTres\LabTres.csproj", "{52336D78-63BD-4BD8-93A0-882B0F06DBC8}"
EndProject
Project("{FAE04EC0-301F-11D3-BF4B-00C04F79EFBC}") = "LabQuatro", "..\LabQuatro\LabQuatro\LabQuatro.csproj", "{ABEE9ADC-EB57-4667-B3CB-D21FF530437C}"
EndProject
Project("{FAE04EC0-301F-11D3-BF4B-00C04F79EFBC}") = "LabCinco", "..\LabCinco\LabCinco\LabCinco.csproj", "{B384AAA5-12B2-4E75-AAEA-B7082F26B20B}"
EndProject
Global
	GlobalSection(SolutionConfigurationPlatforms) = preSolution
		Debug|Any CPU = Debug|Any CPU
		Release|Any CPU = Release|Any CPU
	EndGlobalSection
	GlobalSection(ProjectConfigurationPlatforms) = postSolution
		{18793117-F034-4E56-9279-7BEF145227FB}.Debug|Any CPU.ActiveCfg = Debug|Any CPU
		{18793117-F034-4E56-9279-7BEF145227FB}.Debug|Any CPU.Build.0 = Debug|Any CPU
		{18793117-F034-4E56-9279-7BEF145227FB}.Release|Any CPU.ActiveCfg = Release|Any CPU
		{18793117-F034-4E56-9279-7BEF145227FB}.Release|Any CPU.Build.0 = Release|Any CPU
		{12027D0A-19B2-49A6-9A86-2CE23A335E3C}.Debug|Any CPU.ActiveCfg = Debug|Any CPU
		{12027D0A-19B2-49A6-9A86-2CE23A335E3C}.Debug|Any CPU.Build.0 = Debug|Any CPU
		{12027D0A-19B2-49A6-9A86-2CE23A335E3C}.Release|Any CPU.ActiveCfg = Release|Any CPU
		{12027D0A-19B2-49A6-9A86-2CE23A335E3C}.Release|Any CPU.Build.0 = Release|Any CPU
		{52336D78-63BD-4BD8-93A0-882B0F06DBC8}.Debug|Any CPU.ActiveCfg = Debug|Any CPU
		{52336D78-63BD-4BD8-93A0-882B0F06DBC8}.Debug|Any CPU.Build.0 = Debug|Any CPU
		{52336D78-63BD-4BD8-93A0-882B0F06DBC8}.Release|Any CPU.ActiveCfg = Release|Any CPU
		{52336D78-63BD-4BD8-93A0-882B0F06DBC8}.Release|Any CPU.Build.0 = Release|Any CPU
		{ABEE9ADC-EB57-4667-B3CB-D21FF530437C}.Debug|Any CPU.ActiveCfg = Debug|Any CPU
		{ABEE9ADC-EB57-4667-B3CB-D21FF530437C}.Debug|Any CPU.Build.0 = Debug|Any CPU
		{ABEE9ADC-EB57-4667-B3CB-D21FF530437C}.Release|Any CPU.ActiveCfg = Release|Any CPU
		{ABEE9ADC-EB57-4667-B3CB-D21FF530437C}.Release|Any CPU.Build.0 = Release|Any CPU
		{B384AAA5-12B2-4E75-AAEA-B7082F26B20B}.Debug|Any CPU.ActiveCfg = Debug|Any CPU
		{B384AAA5-12B2-4E75-AAEA-B7082F26B20B}.Debug|Any CPU.Build.0 = Debug|Any CPU
		{B384AAA5-12B2-4E75-AAEA-B7082F26B20B}.Release|Any CPU.ActiveCfg = Release|Any CPU
		{B384AAA5-12B2-4E75-AAEA-B7082F26B20B}.Release|Any CPU.Build.0 = Release|Any CPU
	EndGlobalSection
EndGlobal
